
Microsoft Visual Studio Solution File, Format Version 12.00
# Visual Studio Version 17
VisualStudioVersion = 17.3.32901.215
MinimumVisualStudioVersion = 10.0.40219.1
Project("{FAE04EC0-301F-11D3-BF4B-00C04F79EFBC}") = "for döngüsü örnek 1", "for döngüsü örnek 1\for döngüsü örnek 1.csproj", "{35AFC7E3-DC33-4521-B34F-78277CC0654C}"
EndProject
Global
	GlobalSection(SolutionConfigurationPlatforms) = preSolution
		Debug|Any CPU = Debug|Any CPU
		Release|Any CPU = Release|Any CPU
	EndGlobalSection
	GlobalSection(ProjectConfigurationPlatforms) = postSolution
		{35AFC7E3-DC33-4521-B34F-78277CC0654C}.Debug|Any CPU.ActiveCfg = Debug|Any CPU
		{35AFC7E3-DC33-4521-B34F-78277CC0654C}.Debug|Any CPU.Build.0 = Debug|Any CPU
		{35AFC7E3-DC33-4521-B34F-78277CC0654C}.Release|Any CPU.ActiveCfg = Release|Any CPU
		{35AFC7E3-DC33-4521-B34F-78277CC0654C}.Release|Any CPU.Build.0 = Release|Any CPU
	EndGlobalSection
	GlobalSection(SolutionProperties) = preSolution
		HideSolutionNode = FALSE
	EndGlobalSection
	GlobalSection(ExtensibilityGlobals) = postSolution
		SolutionGuid = {EBF353BF-3377-428B-9822-D2E1C1AC7E50}
	EndGlobalSection
EndGlobal
